// !$*UTF8*$!
{
	archiveVersion = 1;
	classes = {
	};
	objectVersion = 77;
	objects = {

/* Begin PBXBuildFile section */
		643B12A22DF77AB100DCEE2A /* Article.swift in Sources */ = {isa = PBXBuildFile; fileRef = 643B129F2DF77AB100DCEE2A /* Article.swift */; };
		643B12A32DF77AB100DCEE2A /* ViewModel.swift in Sources */ = {isa = PBXBuildFile; fileRef = 643B12A02DF77AB100DCEE2A /* ViewModel.swift */; };
		643B12A92DF77AC900DCEE2A /* ArticleImageView.swift in Sources */ = {isa = PBXBuildFile; fileRef = 643B12A52DF77AC900DCEE2A /* ArticleImageView.swift */; };
		643B12AA2DF77AC900DCEE2A /* ArticleRow.swift in Sources */ = {isa = PBXBuildFile; fileRef = 643B12A62DF77AC900DCEE2A /* ArticleRow.swift */; };
		643B12AB2DF77AC900DCEE2A /* ArticleView.swift in Sources */ = {isa = PBXBuildFile; fileRef = 643B12A72DF77AC900DCEE2A /* ArticleView.swift */; };
		6491D5E12DF8D55400B1CBB4 /* LoadFailedView.swift in Sources */ = {isa = PBXBuildFile; fileRef = 6491D5E02DF8D55400B1CBB4 /* LoadFailedView.swift */; };
		64B56A4C2DEE0A5700674E9B /* Assets.xcassets in Resources */ = {isa = PBXBuildFile; fileRef = 64B56A482DEE0A5700674E9B /* Assets.xcassets */; };
		64B56A4D2DEE0A5700674E9B /* ContentView.swift in Sources */ = {isa = PBXBuildFile; fileRef = 64B56A492DEE0A5700674E9B /* ContentView.swift */; };
		64B56A4E2DEE0A5700674E9B /* takeHomeTestApp.swift in Sources */ = {isa = PBXBuildFile; fileRef = 64B56A4A2DEE0A5700674E9B /* takeHomeTestApp.swift */; };
/* End PBXBuildFile section */

/* Begin PBXFileReference section */
		643B129F2DF77AB100DCEE2A /* Article.swift */ = {isa = PBXFileReference; lastKnownFileType = sourcecode.swift; path = Article.swift; sourceTree = "<group>"; };
		643B12A02DF77AB100DCEE2A /* ViewModel.swift */ = {isa = PBXFileReference; lastKnownFileType = sourcecode.swift; path = ViewModel.swift; sourceTree = "<group>"; };
		643B12A52DF77AC900DCEE2A /* ArticleImageView.swift */ = {isa = PBXFileReference; lastKnownFileType = sourcecode.swift; path = ArticleImageView.swift; sourceTree = "<group>"; };
		643B12A62DF77AC900DCEE2A /* ArticleRow.swift */ = {isa = PBXFileReference; lastKnownFileType = sourcecode.swift; path = ArticleRow.swift; sourceTree = "<group>"; };
		643B12A72DF77AC900DCEE2A /* ArticleView.swift */ = {isa = PBXFileReference; lastKnownFileType = sourcecode.swift; path = ArticleView.swift; sourceTree = "<group>"; };
		6491D5E02DF8D55400B1CBB4 /* LoadFailedView.swift */ = {isa = PBXFileReference; lastKnownFileType = sourcecode.swift; path = LoadFailedView.swift; sourceTree = "<group>"; };
		64B56A3A2DEE0A4C00674E9B /* takeHomeTest.app */ = {isa = PBXFileReference; explicitFileType = wrapper.application; includeInIndex = 0; path = takeHomeTest.app; sourceTree = BUILT_PRODUCTS_DIR; };
		64B56A482DEE0A5700674E9B /* Assets.xcassets */ = {isa = PBXFileReference; lastKnownFileType = folder.assetcatalog; path = Assets.xcassets; sourceTree = "<group>"; };
		64B56A492DEE0A5700674E9B /* ContentView.swift */ = {isa = PBXFileReference; lastKnownFileType = sourcecode.swift; path = ContentView.swift; sourceTree = "<group>"; };
		64B56A4A2DEE0A5700674E9B /* takeHomeTestApp.swift */ = {isa = PBXFileReference; lastKnownFileType = sourcecode.swift; path = takeHomeTestApp.swift; sourceTree = "<group>"; };
/* End PBXFileReference section */

/* Begin PBXFrameworksBuildPhase section */
		64B56A372DEE0A4C00674E9B /* Frameworks */ = {
			isa = PBXFrameworksBuildPhase;
			buildActionMask = 2147483647;
			files = (
			);
			runOnlyForDeploymentPostprocessing = 0;
		};
/* End PBXFrameworksBuildPhase section */

/* Begin PBXGroup section */
		643B12A12DF77AB100DCEE2A /* Models */ = {
			isa = PBXGroup;
			children = (
				643B129F2DF77AB100DCEE2A /* Article.swift */,
				643B12A02DF77AB100DCEE2A /* ViewModel.swift */,
			);
			path = Models;
			sourceTree = "<group>";
		};
		643B12A82DF77AC900DCEE2A /* ArticleViews */ = {
			isa = PBXGroup;
			children = (
				643B12A52DF77AC900DCEE2A /* ArticleImageView.swift */,
				643B12A62DF77AC900DCEE2A /* ArticleRow.swift */,
				643B12A72DF77AC900DCEE2A /* ArticleView.swift */,
			);
			path = ArticleViews;
			sourceTree = "<group>";
		};
		64B56A312DEE0A4C00674E9B = {
			isa = PBXGroup;
			children = (
				64B56A4B2DEE0A5700674E9B /* takeHomeTest */,
				64B56A3B2DEE0A4C00674E9B /* Products */,
			);
			sourceTree = "<group>";
		};
		64B56A3B2DEE0A4C00674E9B /* Products */ = {
			isa = PBXGroup;
			children = (
				64B56A3A2DEE0A4C00674E9B /* takeHomeTest.app */,
			);
			name = Products;
			sourceTree = "<group>";
		};
		64B56A4B2DEE0A5700674E9B /* takeHomeTest */ = {
			isa = PBXGroup;
			children = (
				64B56A4A2DEE0A5700674E9B /* takeHomeTestApp.swift */,
				64B56A492DEE0A5700674E9B /* ContentView.swift */,
				6491D5E02DF8D55400B1CBB4 /* LoadFailedView.swift */,
				643B12A82DF77AC900DCEE2A /* ArticleViews */,
				643B12A12DF77AB100DCEE2A /* Models */,
				64B56A482DEE0A5700674E9B /* Assets.xcassets */,
			);
			path = takeHomeTest;
			sourceTree = "<group>";
		};
/* End PBXGroup section */

/* Begin PBXNativeTarget section */
		64B56A392DEE0A4C00674E9B /* takeHomeTest */ = {
			isa = PBXNativeTarget;
			buildConfigurationList = 64B56A452DEE0A4E00674E9B /* Build configuration list for PBXNativeTarget "takeHomeTest" */;
			buildPhases = (
				64B56A362DEE0A4C00674E9B /* Sources */,
				64B56A372DEE0A4C00674E9B /* Frameworks */,
				64B56A382DEE0A4C00674E9B /* Resources */,
			);
			buildRules = (
			);
			dependencies = (
			);
			name = takeHomeTest;
			packageProductDependencies = (
			);
			productName = takeHomeTest;
			productReference = 64B56A3A2DEE0A4C00674E9B /* takeHomeTest.app */;
			productType = "com.apple.product-type.application";
		};
/* End PBXNativeTarget section */

/* Begin PBXProject section */
		64B56A322DEE0A4C00674E9B /* Project object */ = {
			isa = PBXProject;
			attributes = {
				BuildIndependentTargetsInParallel = 1;
				LastSwiftUpdateCheck = 1640;
				LastUpgradeCheck = 2600;
				TargetAttributes = {
					64B56A392DEE0A4C00674E9B = {
						CreatedOnToolsVersion = 16.4;
					};
				};
			};
			buildConfigurationList = 64B56A352DEE0A4C00674E9B /* Build configuration list for PBXProject "takeHomeTest" */;
			developmentRegion = en;
			hasScannedForEncodings = 0;
			knownRegions = (
				en,
				Base,
			);
			mainGroup = 64B56A312DEE0A4C00674E9B;
			minimizedProjectReferenceProxies = 1;
			preferredProjectObjectVersion = 77;
			productRefGroup = 64B56A3B2DEE0A4C00674E9B /* Products */;
			projectDirPath = "";
			projectRoot = "";
			targets = (
				64B56A392DEE0A4C00674E9B /* takeHomeTest */,
			);
		};
/* End PBXProject section */

/* Begin PBXResourcesBuildPhase section */
		64B56A382DEE0A4C00674E9B /* Resources */ = {
			isa = PBXResourcesBuildPhase;
			buildActionMask = 2147483647;
			files = (
				64B56A4C2DEE0A5700674E9B /* Assets.xcassets in Resources */,
			);
			runOnlyForDeploymentPostprocessing = 0;
		};
/* End PBXResourcesBuildPhase section */

/* Begin PBXSourcesBuildPhase section */
		64B56A362DEE0A4C00674E9B /* Sources */ = {
			isa = PBXSourcesBuildPhase;
			buildActionMask = 2147483647;
			files = (
				643B12A22DF77AB100DCEE2A /* Article.swift in Sources */,
				643B12A32DF77AB100DCEE2A /* ViewModel.swift in Sources */,
				643B12A92DF77AC900DCEE2A /* ArticleImageView.swift in Sources */,
				643B12AA2DF77AC900DCEE2A /* ArticleRow.swift in Sources */,
				643B12AB2DF77AC900DCEE2A /* ArticleView.swift in Sources */,
				64B56A4D2DEE0A5700674E9B /* ContentView.swift in Sources */,
				64B56A4E2DEE0A5700674E9B /* takeHomeTestApp.swift in Sources */,
				6491D5E12DF8D55400B1CBB4 /* LoadFailedView.swift in Sources */,
			);
			runOnlyForDeploymentPostprocessing = 0;
		};
/* End PBXSourcesBuildPhase section */

/* Begin XCBuildConfiguration section */
		64B56A432DEE0A4E00674E9B /* Debug */ = {
			isa = XCBuildConfiguration;
			buildSettings = {
				ALWAYS_SEARCH_USER_PATHS = NO;
				ASSETCATALOG_COMPILER_GENERATE_SWIFT_ASSET_SYMBOL_EXTENSIONS = YES;
				CLANG_ANALYZER_NONNULL = YES;
				CLANG_ANALYZER_NUMBER_OBJECT_CONVERSION = YES_AGGRESSIVE;
				CLANG_CXX_LANGUAGE_STANDARD = "gnu++20";
				CLANG_ENABLE_MODULES = YES;
				CLANG_ENABLE_OBJC_ARC = YES;
				CLANG_ENABLE_OBJC_WEAK = YES;
				CLANG_WARN_BLOCK_CAPTURE_AUTORELEASING = YES;
				CLANG_WARN_BOOL_CONVERSION = YES;
				CLANG_WARN_COMMA = YES;
				CLANG_WARN_CONSTANT_CONVERSION = YES;
				CLANG_WARN_DEPRECATED_OBJC_IMPLEMENTATIONS = YES;
				CLANG_WARN_DIRECT_OBJC_ISA_USAGE = YES_ERROR;
				CLANG_WARN_DOCUMENTATION_COMMENTS = YES;
				CLANG_WARN_EMPTY_BODY = YES;
				CLANG_WARN_ENUM_CONVERSION = YES;
				CLANG_WARN_INFINITE_RECURSION = YES;
				CLANG_WARN_INT_CONVERSION = YES;
				CLANG_WARN_NON_LITERAL_NULL_CONVERSION = YES;
				CLANG_WARN_OBJC_IMPLICIT_RETAIN_SELF = YES;
				CLANG_WARN_OBJC_LITERAL_CONVERSION = YES;
				CLANG_WARN_OBJC_ROOT_CLASS = YES_ERROR;
				CLANG_WARN_QUOTED_INCLUDE_IN_FRAMEWORK_HEADER = YES;
				CLANG_WARN_RANGE_LOOP_ANALYSIS = YES;
				CLANG_WARN_STRICT_PROTOTYPES = YES;
				CLANG_WARN_SUSPICIOUS_MOVE = YES;
				CLANG_WARN_UNGUARDED_AVAILABILITY = YES_AGGRESSIVE;
				CLANG_WARN_UNREACHABLE_CODE = YES;
				CLANG_WARN__DUPLICATE_METHOD_MATCH = YES;
				COPY_PHASE_STRIP = NO;
				DEBUG_INFORMATION_FORMAT = dwarf;
				DEVELOPMENT_TEAM = N8877H53MP;
				ENABLE_STRICT_OBJC_MSGSEND = YES;
				ENABLE_TESTABILITY = YES;
				ENABLE_USER_SCRIPT_SANDBOXING = YES;
				GCC_C_LANGUAGE_STANDARD = gnu17;
				GCC_DYNAMIC_NO_PIC = NO;
				GCC_NO_COMMON_BLOCKS = YES;
				GCC_OPTIMIZATION_LEVEL = 0;
				GCC_PREPROCESSOR_DEFINITIONS = (
					"DEBUG=1",
					"$(inherited)",
				);
				GCC_WARN_64_TO_32_BIT_CONVERSION = YES;
				GCC_WARN_ABOUT_RETURN_TYPE = YES_ERROR;
				GCC_WARN_UNDECLARED_SELECTOR = YES;
				GCC_WARN_UNINITIALIZED_AUTOS = YES_AGGRESSIVE;
				GCC_WARN_UNUSED_FUNCTION = YES;
				GCC_WARN_UNUSED_VARIABLE = YES;
				IPHONEOS_DEPLOYMENT_TARGET = 18.5;
				LOCALIZATION_PREFERS_STRING_CATALOGS = YES;
				MTL_ENABLE_DEBUG_INFO = INCLUDE_SOURCE;
				MTL_FAST_MATH = YES;
				ONLY_ACTIVE_ARCH = YES;
				SDKROOT = iphoneos;
				STRING_CATALOG_GENERATE_SYMBOLS = YES;
				SWIFT_ACTIVE_COMPILATION_CONDITIONS = "DEBUG $(inherited)";
				SWIFT_OPTIMIZATION_LEVEL = "-Onone";
			};
			name = Debug;
		};
		64B56A442DEE0A4E00674E9B /* Release */ = {
			isa = XCBuildConfiguration;
			buildSettings = {
				ALWAYS_SEARCH_USER_PATHS = NO;
				ASSETCATALOG_COMPILER_GENERATE_SWIFT_ASSET_SYMBOL_EXTENSIONS = YES;
				CLANG_ANALYZER_NONNULL = YES;
				CLANG_ANALYZER_NUMBER_OBJECT_CONVERSION = YES_AGGRESSIVE;
				CLANG_CXX_LANGUAGE_STANDARD = "gnu++20";
				CLANG_ENABLE_MODULES = YES;
				CLANG_ENABLE_OBJC_ARC = YES;
				CLANG_ENABLE_OBJC_WEAK = YES;
				CLANG_WARN_BLOCK_CAPTURE_AUTORELEASING = YES;
				CLANG_WARN_BOOL_CONVERSION = YES;
				CLANG_WARN_COMMA = YES;
				CLANG_WARN_CONSTANT_CONVERSION = YES;
				CLANG_WARN_DEPRECATED_OBJC_IMPLEMENTATIONS = YES;
				CLANG_WARN_DIRECT_OBJC_ISA_USAGE = YES_ERROR;
				CLANG_WARN_DOCUMENTATION_COMMENTS = YES;
				CLANG_WARN_EMPTY_BODY = YES;
				CLANG_WARN_ENUM_CONVERSION = YES;
				CLANG_WARN_INFINITE_RECURSION = YES;
				CLANG_WARN_INT_CONVERSION = YES;
				CLANG_WARN_NON_LITERAL_NULL_CONVERSION = YES;
				CLANG_WARN_OBJC_IMPLICIT_RETAIN_SELF = YES;
				CLANG_WARN_OBJC_LITERAL_CONVERSION = YES;
				CLANG_WARN_OBJC_ROOT_CLASS = YES_ERROR;
				CLANG_WARN_QUOTED_INCLUDE_IN_FRAMEWORK_HEADER = YES;
				CLANG_WARN_RANGE_LOOP_ANALYSIS = YES;
				CLANG_WARN_STRICT_PROTOTYPES = YES;
				CLANG_WARN_SUSPICIOUS_MOVE = YES;
				CLANG_WARN_UNGUARDED_AVAILABILITY = YES_AGGRESSIVE;
				CLANG_WARN_UNREACHABLE_CODE = YES;
				CLANG_WARN__DUPLICATE_METHOD_MATCH = YES;
				COPY_PHASE_STRIP = NO;
				DEBUG_INFORMATION_FORMAT = "dwarf-with-dsym";
				DEVELOPMENT_TEAM = N8877H53MP;
				ENABLE_NS_ASSERTIONS = NO;
				ENABLE_STRICT_OBJC_MSGSEND = YES;
				ENABLE_USER_SCRIPT_SANDBOXING = YES;
				GCC_C_LANGUAGE_STANDARD = gnu17;
				GCC_NO_COMMON_BLOCKS = YES;
				GCC_WARN_64_TO_32_BIT_CONVERSION = YES;
				GCC_WARN_ABOUT_RETURN_TYPE = YES_ERROR;
				GCC_WARN_UNDECLARED_SELECTOR = YES;
				GCC_WARN_UNINITIALIZED_AUTOS = YES_AGGRESSIVE;
				GCC_WARN_UNUSED_FUNCTION = YES;
				GCC_WARN_UNUSED_VARIABLE = YES;
				IPHONEOS_DEPLOYMENT_TARGET = 18.5;
				LOCALIZATION_PREFERS_STRING_CATALOGS = YES;
				MTL_ENABLE_DEBUG_INFO = NO;
				MTL_FAST_MATH = YES;
				SDKROOT = iphoneos;
				STRING_CATALOG_GENERATE_SYMBOLS = YES;
				SWIFT_COMPILATION_MODE = wholemodule;
				VALIDATE_PRODUCT = YES;
			};
			name = Release;
		};
		64B56A462DEE0A4E00674E9B /* Debug */ = {
			isa = XCBuildConfiguration;
			buildSettings = {
				ASSETCATALOG_COMPILER_APPICON_NAME = AppIcon;
				ASSETCATALOG_COMPILER_GLOBAL_ACCENT_COLOR_NAME = AccentColor;
				CODE_SIGN_STYLE = Automatic;
				CURRENT_PROJECT_VERSION = 1;
				DEVELOPMENT_TEAM = N8877H53MP;
				ENABLE_PREVIEWS = YES;
				GENERATE_INFOPLIST_FILE = YES;
				INFOPLIST_KEY_LSApplicationCategoryType = "public.app-category.utilities";
				INFOPLIST_KEY_UIApplicationSceneManifest_Generation = YES;
				INFOPLIST_KEY_UIApplicationSupportsIndirectInputEvents = YES;
				INFOPLIST_KEY_UILaunchScreen_Generation = YES;
				INFOPLIST_KEY_UISupportedInterfaceOrientations_iPad = "UIInterfaceOrientationPortrait UIInterfaceOrientationPortraitUpsideDown UIInterfaceOrientationLandscapeLeft UIInterfaceOrientationLandscapeRight";
				INFOPLIST_KEY_UISupportedInterfaceOrientations_iPhone = "UIInterfaceOrientationPortrait UIInterfaceOrientationLandscapeLeft UIInterfaceOrientationLandscapeRight";
				IPHONEOS_DEPLOYMENT_TARGET = 18.0;
				LD_RUNPATH_SEARCH_PATHS = (
					"$(inherited)",
					"@executable_path/Frameworks",
				);
				MARKETING_VERSION = 1.0;
				PRODUCT_BUNDLE_IDENTIFIER = com.lefthandedapps.takeHomeTest;
				PRODUCT_NAME = "$(TARGET_NAME)";
				SWIFT_EMIT_LOC_STRINGS = YES;
				SWIFT_VERSION = 6.0;
				TARGETED_DEVICE_FAMILY = "1,2";
			};
			name = Debug;
		};
		64B56A472DEE0A4E00674E9B /* Release */ = {
			isa = XCBuildConfiguration;
			buildSettings = {
				ASSETCATALOG_COMPILER_APPICON_NAME = AppIcon;
				ASSETCATALOG_COMPILER_GLOBAL_ACCENT_COLOR_NAME = AccentColor;
				CODE_SIGN_STYLE = Automatic;
				CURRENT_PROJECT_VERSION = 1;
				DEVELOPMENT_TEAM = N8877H53MP;
				ENABLE_PREVIEWS = YES;
				GENERATE_INFOPLIST_FILE = YES;
				INFOPLIST_KEY_LSApplicationCategoryType = "public.app-category.utilities";
				INFOPLIST_KEY_UIApplicationSceneManifest_Generation = YES;
				INFOPLIST_KEY_UIApplicationSupportsIndirectInputEvents = YES;
				INFOPLIST_KEY_UILaunchScreen_Generation = YES;
				INFOPLIST_KEY_UISupportedInterfaceOrientations_iPad = "UIInterfaceOrientationPortrait UIInterfaceOrientationPortraitUpsideDown UIInterfaceOrientationLandscapeLeft UIInterfaceOrientationLandscapeRight";
				INFOPLIST_KEY_UISupportedInterfaceOrientations_iPhone = "UIInterfaceOrientationPortrait UIInterfaceOrientationLandscapeLeft UIInterfaceOrientationLandscapeRight";
				IPHONEOS_DEPLOYMENT_TARGET = 18.0;
				LD_RUNPATH_SEARCH_PATHS = (
					"$(inherited)",
					"@executable_path/Frameworks",
				);
				MARKETING_VERSION = 1.0;
				PRODUCT_BUNDLE_IDENTIFIER = com.lefthandedapps.takeHomeTest;
				PRODUCT_NAME = "$(TARGET_NAME)";
				SWIFT_EMIT_LOC_STRINGS = YES;
				SWIFT_VERSION = 6.0;
				TARGETED_DEVICE_FAMILY = "1,2";
			};
			name = Release;
		};
/* End XCBuildConfiguration section */

/* Begin XCConfigurationList section */
		64B56A352DEE0A4C00674E9B /* Build configuration list for PBXProject "takeHomeTest" */ = {
			isa = XCConfigurationList;
			buildConfigurations = (
				64B56A432DEE0A4E00674E9B /* Debug */,
				64B56A442DEE0A4E00674E9B /* Release */,
			);
			defaultConfigurationIsVisible = 0;
			defaultConfigurationName = Release;
		};
		64B56A452DEE0A4E00674E9B /* Build configuration list for PBXNativeTarget "takeHomeTest" */ = {
			isa = XCConfigurationList;
			buildConfigurations = (
				64B56A462DEE0A4E00674E9B /* Debug */,
				64B56A472DEE0A4E00674E9B /* Release */,
			);
			defaultConfigurationIsVisible = 0;
			defaultConfigurationName = Release;
		};
/* End XCConfigurationList section */
	};
	rootObject = 64B56A322DEE0A4C00674E9B /* Project object */;
}
